
Microsoft Visual Studio Solution File, Format Version 12.00
# Visual Studio Version 16
VisualStudioVersion = 16.0.30114.105
MinimumVisualStudioVersion = 10.0.40219.1
Project("{9A19103F-16F7-4668-BE54-9A1E7A4F7556}") = "Messenger.API", "Messenger.API\Messenger.API.csproj", "{80261267-A2E5-4CE8-A573-D9B6D2CD18D4}"
EndProject
Project("{9A19103F-16F7-4668-BE54-9A1E7A4F7556}") = "Messenger.Data", "Messenger.Data\Messenger.Data.csproj", "{E5CBEE56-61D2-4CCC-B95A-86CFCD55B9E3}"
EndProject
Project("{E53339B2-1760-4266-BCC7-CA923CBCF16C}") = "docker-compose", "docker-compose.dcproj", "{7552431C-E216-4930-B556-465ED885E736}"
EndProject
Global
	GlobalSection(SolutionConfigurationPlatforms) = preSolution
		Debug|Any CPU = Debug|Any CPU
		Release|Any CPU = Release|Any CPU
	EndGlobalSection
	GlobalSection(ProjectConfigurationPlatforms) = postSolution
		{80261267-A2E5-4CE8-A573-D9B6D2CD18D4}.Debug|Any CPU.ActiveCfg = Debug|Any CPU
		{80261267-A2E5-4CE8-A573-D9B6D2CD18D4}.Debug|Any CPU.Build.0 = Debug|Any CPU
		{80261267-A2E5-4CE8-A573-D9B6D2CD18D4}.Release|Any CPU.ActiveCfg = Release|Any CPU
		{80261267-A2E5-4CE8-A573-D9B6D2CD18D4}.Release|Any CPU.Build.0 = Release|Any CPU
		{E5CBEE56-61D2-4CCC-B95A-86CFCD55B9E3}.Debug|Any CPU.ActiveCfg = Debug|Any CPU
		{E5CBEE56-61D2-4CCC-B95A-86CFCD55B9E3}.Debug|Any CPU.Build.0 = Debug|Any CPU
		{E5CBEE56-61D2-4CCC-B95A-86CFCD55B9E3}.Release|Any CPU.ActiveCfg = Release|Any CPU
		{E5CBEE56-61D2-4CCC-B95A-86CFCD55B9E3}.Release|Any CPU.Build.0 = Release|Any CPU
		{7552431C-E216-4930-B556-465ED885E736}.Debug|Any CPU.ActiveCfg = Debug|Any CPU
		{7552431C-E216-4930-B556-465ED885E736}.Debug|Any CPU.Build.0 = Debug|Any CPU
		{7552431C-E216-4930-B556-465ED885E736}.Release|Any CPU.ActiveCfg = Release|Any CPU
		{7552431C-E216-4930-B556-465ED885E736}.Release|Any CPU.Build.0 = Release|Any CPU
	EndGlobalSection
	GlobalSection(SolutionProperties) = preSolution
		HideSolutionNode = FALSE
	EndGlobalSection
	GlobalSection(ExtensibilityGlobals) = postSolution
		SolutionGuid = {30E1A920-7BE6-4EA4-9913-3ABB47CC8048}
	EndGlobalSection
EndGlobal
